
Microsoft Visual Studio Solution File, Format Version 12.00
# Visual Studio 2013
VisualStudioVersion = 12.0.31101.0
MinimumVisualStudioVersion = 10.0.40219.1
Project("{8BC9CEB8-8B4A-11D0-8D11-00A0C91BC942}") = "libmp4v2_demo", "libmp4v2_demo\libmp4v2_demo.vcxproj", "{A996CCE1-A63C-4BD1-BF9E-B0DA2E22317C}"
	ProjectSection(ProjectDependencies) = postProject
		{A13F9A3D-6B2A-4D43-AEA5-E261C58FF6FB} = {A13F9A3D-6B2A-4D43-AEA5-E261C58FF6FB}
	EndProjectSection
EndProject
Project("{8BC9CEB8-8B4A-11D0-8D11-00A0C91BC942}") = "libmp4v2", "libmp4v2\libmp4v2.vcxproj", "{A13F9A3D-6B2A-4D43-AEA5-E261C58FF6FB}"
EndProject
Project("{8BC9CEB8-8B4A-11D0-8D11-00A0C91BC942}") = "libx264_demo", "libx264_demo\libx264_demo.vcxproj", "{B57A7CE7-AEC4-4AAD-82C4-459909D8F653}"
EndProject
Project("{8BC9CEB8-8B4A-11D0-8D11-00A0C91BC942}") = "libx265_demo", "libx265_demo\libx265_demo.vcxproj", "{650CDF21-D05A-4C9B-B3A0-9C8B5E8E3BFC}"
EndProject
Project("{8BC9CEB8-8B4A-11D0-8D11-00A0C91BC942}") = "libdui_menu", "libdui_menu\libdui_menu.vcxproj", "{6E6753D3-1802-4C91-9DFF-6EB3A0D968C1}"
	ProjectSection(ProjectDependencies) = postProject
		{F9DDEA9A-1325-4CA7-9532-6A09ADB0B0CE} = {F9DDEA9A-1325-4CA7-9532-6A09ADB0B0CE}
	EndProjectSection
EndProject
Project("{8BC9CEB8-8B4A-11D0-8D11-00A0C91BC942}") = "libdui", "libdui\libdui.vcxproj", "{F9DDEA9A-1325-4CA7-9532-6A09ADB0B0CE}"
EndProject
Project("{2150E333-8FDC-42A3-9474-1A3956D46DE8}") = "src", "src", "{DE6719FD-6A88-474B-8249-4EEA13ACE252}"
EndProject
Project("{8BC9CEB8-8B4A-11D0-8D11-00A0C91BC942}") = "test", "test\test.vcxproj", "{7B0C179F-DD07-4D71-9E92-6841B834D4D6}"
EndProject
Project("{8BC9CEB8-8B4A-11D0-8D11-00A0C91BC942}") = "libutils", "libutils\libuilts.vcxproj", "{4491953A-DD9B-4932-9319-A8C3456D8940}"
EndProject
Project("{8BC9CEB8-8B4A-11D0-8D11-00A0C91BC942}") = "libutils_demo", "libutils_demo\libuilts_demo.vcxproj", "{26557153-66DE-4025-9ACB-769CD90ADF1C}"
	ProjectSection(ProjectDependencies) = postProject
		{4491953A-DD9B-4932-9319-A8C3456D8940} = {4491953A-DD9B-4932-9319-A8C3456D8940}
	EndProjectSection
EndProject
Project("{8BC9CEB8-8B4A-11D0-8D11-00A0C91BC942}") = "libcamera_demo", "libcamera_demo\libcamera_demo.vcxproj", "{F6C4C325-8432-4E87-A302-AAA57C1D8D92}"
	ProjectSection(ProjectDependencies) = postProject
		{1570CC15-B45E-4770-8A4B-E09F1D613BC4} = {1570CC15-B45E-4770-8A4B-E09F1D613BC4}
		{4491953A-DD9B-4932-9319-A8C3456D8940} = {4491953A-DD9B-4932-9319-A8C3456D8940}
	EndProjectSection
EndProject
Project("{8BC9CEB8-8B4A-11D0-8D11-00A0C91BC942}") = "libstrmbase", "libstrmbase\libstrmbase.vcxproj", "{1570CC15-B45E-4770-8A4B-E09F1D613BC4}"
EndProject
Global
	GlobalSection(SolutionConfigurationPlatforms) = preSolution
		Debug|Win32 = Debug|Win32
		Release|Win32 = Release|Win32
		StaticDebug|Win32 = StaticDebug|Win32
		StaticRelease|Win32 = StaticRelease|Win32
	EndGlobalSection
	GlobalSection(ProjectConfigurationPlatforms) = postSolution
		{A996CCE1-A63C-4BD1-BF9E-B0DA2E22317C}.Debug|Win32.ActiveCfg = Debug|Win32
		{A996CCE1-A63C-4BD1-BF9E-B0DA2E22317C}.Debug|Win32.Build.0 = Debug|Win32
		{A996CCE1-A63C-4BD1-BF9E-B0DA2E22317C}.Release|Win32.ActiveCfg = Release|Win32
		{A996CCE1-A63C-4BD1-BF9E-B0DA2E22317C}.Release|Win32.Build.0 = Release|Win32
		{A996CCE1-A63C-4BD1-BF9E-B0DA2E22317C}.StaticDebug|Win32.ActiveCfg = Debug|Win32
		{A996CCE1-A63C-4BD1-BF9E-B0DA2E22317C}.StaticDebug|Win32.Build.0 = Debug|Win32
		{A996CCE1-A63C-4BD1-BF9E-B0DA2E22317C}.StaticRelease|Win32.ActiveCfg = Release|Win32
		{A996CCE1-A63C-4BD1-BF9E-B0DA2E22317C}.StaticRelease|Win32.Build.0 = Release|Win32
		{A13F9A3D-6B2A-4D43-AEA5-E261C58FF6FB}.Debug|Win32.ActiveCfg = Debug|Win32
		{A13F9A3D-6B2A-4D43-AEA5-E261C58FF6FB}.Debug|Win32.Build.0 = Debug|Win32
		{A13F9A3D-6B2A-4D43-AEA5-E261C58FF6FB}.Release|Win32.ActiveCfg = Release|Win32
		{A13F9A3D-6B2A-4D43-AEA5-E261C58FF6FB}.Release|Win32.Build.0 = Release|Win32
		{A13F9A3D-6B2A-4D43-AEA5-E261C58FF6FB}.StaticDebug|Win32.ActiveCfg = Debug|Win32
		{A13F9A3D-6B2A-4D43-AEA5-E261C58FF6FB}.StaticDebug|Win32.Build.0 = Debug|Win32
		{A13F9A3D-6B2A-4D43-AEA5-E261C58FF6FB}.StaticRelease|Win32.ActiveCfg = Release|Win32
		{A13F9A3D-6B2A-4D43-AEA5-E261C58FF6FB}.StaticRelease|Win32.Build.0 = Release|Win32
		{B57A7CE7-AEC4-4AAD-82C4-459909D8F653}.Debug|Win32.ActiveCfg = Debug|Win32
		{B57A7CE7-AEC4-4AAD-82C4-459909D8F653}.Debug|Win32.Build.0 = Debug|Win32
		{B57A7CE7-AEC4-4AAD-82C4-459909D8F653}.Release|Win32.ActiveCfg = Release|Win32
		{B57A7CE7-AEC4-4AAD-82C4-459909D8F653}.Release|Win32.Build.0 = Release|Win32
		{B57A7CE7-AEC4-4AAD-82C4-459909D8F653}.StaticDebug|Win32.ActiveCfg = Debug|Win32
		{B57A7CE7-AEC4-4AAD-82C4-459909D8F653}.StaticDebug|Win32.Build.0 = Debug|Win32
		{B57A7CE7-AEC4-4AAD-82C4-459909D8F653}.StaticRelease|Win32.ActiveCfg = Release|Win32
		{B57A7CE7-AEC4-4AAD-82C4-459909D8F653}.StaticRelease|Win32.Build.0 = Release|Win32
		{650CDF21-D05A-4C9B-B3A0-9C8B5E8E3BFC}.Debug|Win32.ActiveCfg = Debug|Win32
		{650CDF21-D05A-4C9B-B3A0-9C8B5E8E3BFC}.Debug|Win32.Build.0 = Debug|Win32
		{650CDF21-D05A-4C9B-B3A0-9C8B5E8E3BFC}.Release|Win32.ActiveCfg = Release|Win32
		{650CDF21-D05A-4C9B-B3A0-9C8B5E8E3BFC}.Release|Win32.Build.0 = Release|Win32
		{650CDF21-D05A-4C9B-B3A0-9C8B5E8E3BFC}.StaticDebug|Win32.ActiveCfg = Debug|Win32
		{650CDF21-D05A-4C9B-B3A0-9C8B5E8E3BFC}.StaticDebug|Win32.Build.0 = Debug|Win32
		{650CDF21-D05A-4C9B-B3A0-9C8B5E8E3BFC}.StaticRelease|Win32.ActiveCfg = Release|Win32
		{650CDF21-D05A-4C9B-B3A0-9C8B5E8E3BFC}.StaticRelease|Win32.Build.0 = Release|Win32
		{6E6753D3-1802-4C91-9DFF-6EB3A0D968C1}.Debug|Win32.ActiveCfg = Debug|Win32
		{6E6753D3-1802-4C91-9DFF-6EB3A0D968C1}.Debug|Win32.Build.0 = Debug|Win32
		{6E6753D3-1802-4C91-9DFF-6EB3A0D968C1}.Release|Win32.ActiveCfg = Release|Win32
		{6E6753D3-1802-4C91-9DFF-6EB3A0D968C1}.Release|Win32.Build.0 = Release|Win32
		{6E6753D3-1802-4C91-9DFF-6EB3A0D968C1}.StaticDebug|Win32.ActiveCfg = Debug|Win32
		{6E6753D3-1802-4C91-9DFF-6EB3A0D968C1}.StaticDebug|Win32.Build.0 = Debug|Win32
		{6E6753D3-1802-4C91-9DFF-6EB3A0D968C1}.StaticRelease|Win32.ActiveCfg = Release|Win32
		{6E6753D3-1802-4C91-9DFF-6EB3A0D968C1}.StaticRelease|Win32.Build.0 = Release|Win32
		{F9DDEA9A-1325-4CA7-9532-6A09ADB0B0CE}.Debug|Win32.ActiveCfg = Debug|Win32
		{F9DDEA9A-1325-4CA7-9532-6A09ADB0B0CE}.Debug|Win32.Build.0 = Debug|Win32
		{F9DDEA9A-1325-4CA7-9532-6A09ADB0B0CE}.Release|Win32.ActiveCfg = Release|Win32
		{F9DDEA9A-1325-4CA7-9532-6A09ADB0B0CE}.Release|Win32.Build.0 = Release|Win32
		{F9DDEA9A-1325-4CA7-9532-6A09ADB0B0CE}.StaticDebug|Win32.ActiveCfg = StaticDebug|Win32
		{F9DDEA9A-1325-4CA7-9532-6A09ADB0B0CE}.StaticDebug|Win32.Build.0 = StaticDebug|Win32
		{F9DDEA9A-1325-4CA7-9532-6A09ADB0B0CE}.StaticRelease|Win32.ActiveCfg = StaticRelease|Win32
		{F9DDEA9A-1325-4CA7-9532-6A09ADB0B0CE}.StaticRelease|Win32.Build.0 = StaticRelease|Win32
		{7B0C179F-DD07-4D71-9E92-6841B834D4D6}.Debug|Win32.ActiveCfg = Debug|Win32
		{7B0C179F-DD07-4D71-9E92-6841B834D4D6}.Debug|Win32.Build.0 = Debug|Win32
		{7B0C179F-DD07-4D71-9E92-6841B834D4D6}.Release|Win32.ActiveCfg = Release|Win32
		{7B0C179F-DD07-4D71-9E92-6841B834D4D6}.Release|Win32.Build.0 = Release|Win32
		{7B0C179F-DD07-4D71-9E92-6841B834D4D6}.StaticDebug|Win32.ActiveCfg = Debug|Win32
		{7B0C179F-DD07-4D71-9E92-6841B834D4D6}.StaticDebug|Win32.Build.0 = Debug|Win32
		{7B0C179F-DD07-4D71-9E92-6841B834D4D6}.StaticRelease|Win32.ActiveCfg = Release|Win32
		{7B0C179F-DD07-4D71-9E92-6841B834D4D6}.StaticRelease|Win32.Build.0 = Release|Win32
		{4491953A-DD9B-4932-9319-A8C3456D8940}.Debug|Win32.ActiveCfg = Debug|Win32
		{4491953A-DD9B-4932-9319-A8C3456D8940}.Debug|Win32.Build.0 = Debug|Win32
		{4491953A-DD9B-4932-9319-A8C3456D8940}.Release|Win32.ActiveCfg = Release|Win32
		{4491953A-DD9B-4932-9319-A8C3456D8940}.Release|Win32.Build.0 = Release|Win32
		{4491953A-DD9B-4932-9319-A8C3456D8940}.StaticDebug|Win32.ActiveCfg = Debug|Win32
		{4491953A-DD9B-4932-9319-A8C3456D8940}.StaticDebug|Win32.Build.0 = Debug|Win32
		{4491953A-DD9B-4932-9319-A8C3456D8940}.StaticRelease|Win32.ActiveCfg = Release|Win32
		{4491953A-DD9B-4932-9319-A8C3456D8940}.StaticRelease|Win32.Build.0 = Release|Win32
		{26557153-66DE-4025-9ACB-769CD90ADF1C}.Debug|Win32.ActiveCfg = Debug|Win32
		{26557153-66DE-4025-9ACB-769CD90ADF1C}.Debug|Win32.Build.0 = Debug|Win32
		{26557153-66DE-4025-9ACB-769CD90ADF1C}.Release|Win32.ActiveCfg = Release|Win32
		{26557153-66DE-4025-9ACB-769CD90ADF1C}.Release|Win32.Build.0 = Release|Win32
		{26557153-66DE-4025-9ACB-769CD90ADF1C}.StaticDebug|Win32.ActiveCfg = Debug|Win32
		{26557153-66DE-4025-9ACB-769CD90ADF1C}.StaticDebug|Win32.Build.0 = Debug|Win32
		{26557153-66DE-4025-9ACB-769CD90ADF1C}.StaticRelease|Win32.ActiveCfg = Release|Win32
		{26557153-66DE-4025-9ACB-769CD90ADF1C}.StaticRelease|Win32.Build.0 = Release|Win32
		{F6C4C325-8432-4E87-A302-AAA57C1D8D92}.Debug|Win32.ActiveCfg = Debug|Win32
		{F6C4C325-8432-4E87-A302-AAA57C1D8D92}.Debug|Win32.Build.0 = Debug|Win32
		{F6C4C325-8432-4E87-A302-AAA57C1D8D92}.Release|Win32.ActiveCfg = Release|Win32
		{F6C4C325-8432-4E87-A302-AAA57C1D8D92}.Release|Win32.Build.0 = Release|Win32
		{F6C4C325-8432-4E87-A302-AAA57C1D8D92}.StaticDebug|Win32.ActiveCfg = Debug|Win32
		{F6C4C325-8432-4E87-A302-AAA57C1D8D92}.StaticDebug|Win32.Build.0 = Debug|Win32
		{F6C4C325-8432-4E87-A302-AAA57C1D8D92}.StaticRelease|Win32.ActiveCfg = Release|Win32
		{F6C4C325-8432-4E87-A302-AAA57C1D8D92}.StaticRelease|Win32.Build.0 = Release|Win32
		{1570CC15-B45E-4770-8A4B-E09F1D613BC4}.Debug|Win32.ActiveCfg = Debug|Win32
		{1570CC15-B45E-4770-8A4B-E09F1D613BC4}.Debug|Win32.Build.0 = Debug|Win32
		{1570CC15-B45E-4770-8A4B-E09F1D613BC4}.Release|Win32.ActiveCfg = Release|Win32
		{1570CC15-B45E-4770-8A4B-E09F1D613BC4}.Release|Win32.Build.0 = Release|Win32
		{1570CC15-B45E-4770-8A4B-E09F1D613BC4}.StaticDebug|Win32.ActiveCfg = Debug|Win32
		{1570CC15-B45E-4770-8A4B-E09F1D613BC4}.StaticDebug|Win32.Build.0 = Debug|Win32
		{1570CC15-B45E-4770-8A4B-E09F1D613BC4}.StaticRelease|Win32.ActiveCfg = Release|Win32
		{1570CC15-B45E-4770-8A4B-E09F1D613BC4}.StaticRelease|Win32.Build.0 = Release|Win32
	EndGlobalSection
	GlobalSection(SolutionProperties) = preSolution
		HideSolutionNode = FALSE
	EndGlobalSection
	GlobalSection(NestedProjects) = preSolution
		{A13F9A3D-6B2A-4D43-AEA5-E261C58FF6FB} = {DE6719FD-6A88-474B-8249-4EEA13ACE252}
		{F9DDEA9A-1325-4CA7-9532-6A09ADB0B0CE} = {DE6719FD-6A88-474B-8249-4EEA13ACE252}
		{4491953A-DD9B-4932-9319-A8C3456D8940} = {DE6719FD-6A88-474B-8249-4EEA13ACE252}
		{1570CC15-B45E-4770-8A4B-E09F1D613BC4} = {DE6719FD-6A88-474B-8249-4EEA13ACE252}
	EndGlobalSection
EndGlobal
