
Microsoft Visual Studio Solution File, Format Version 12.00
# Visual Studio 2013
VisualStudioVersion = 12.0.40629.0
MinimumVisualStudioVersion = 10.0.40219.1
Project("{8BC9CEB8-8B4A-11D0-8D11-00A0C91BC942}") = "libmp4v2_demo", "libmp4v2_demo\libmp4v2_demo.vcxproj", "{A996CCE1-A63C-4BD1-BF9E-B0DA2E22317C}"
	ProjectSection(ProjectDependencies) = postProject
		{A13F9A3D-6B2A-4D43-AEA5-E261C58FF6FB} = {A13F9A3D-6B2A-4D43-AEA5-E261C58FF6FB}
	EndProjectSection
EndProject
Project("{8BC9CEB8-8B4A-11D0-8D11-00A0C91BC942}") = "libmp4v2", "libmp4v2\libmp4v2.vcxproj", "{A13F9A3D-6B2A-4D43-AEA5-E261C58FF6FB}"
EndProject
Project("{8BC9CEB8-8B4A-11D0-8D11-00A0C91BC942}") = "libx264_demo", "libx264_demo\libx264_demo.vcxproj", "{B57A7CE7-AEC4-4AAD-82C4-459909D8F653}"
EndProject
Project("{8BC9CEB8-8B4A-11D0-8D11-00A0C91BC942}") = "libx265_demo", "libx265_demo\libx265_demo.vcxproj", "{650CDF21-D05A-4C9B-B3A0-9C8B5E8E3BFC}"
EndProject
Project("{8BC9CEB8-8B4A-11D0-8D11-00A0C91BC942}") = "libdui_menu", "libdui_menu\libdui_menu.vcxproj", "{6E6753D3-1802-4C91-9DFF-6EB3A0D968C1}"
	ProjectSection(ProjectDependencies) = postProject
		{F9DDEA9A-1325-4CA7-9532-6A09ADB0B0CE} = {F9DDEA9A-1325-4CA7-9532-6A09ADB0B0CE}
	EndProjectSection
EndProject
Project("{8BC9CEB8-8B4A-11D0-8D11-00A0C91BC942}") = "libdui", "libdui\libdui.vcxproj", "{F9DDEA9A-1325-4CA7-9532-6A09ADB0B0CE}"
EndProject
Project("{2150E333-8FDC-42A3-9474-1A3956D46DE8}") = "src", "src", "{DE6719FD-6A88-474B-8249-4EEA13ACE252}"
EndProject
Project("{8BC9CEB8-8B4A-11D0-8D11-00A0C91BC942}") = "test", "test\test.vcxproj", "{7B0C179F-DD07-4D71-9E92-6841B834D4D6}"
EndProject
Project("{8BC9CEB8-8B4A-11D0-8D11-00A0C91BC942}") = "libutils", "libutils\libuilts.vcxproj", "{4491953A-DD9B-4932-9319-A8C3456D8940}"
EndProject
Project("{8BC9CEB8-8B4A-11D0-8D11-00A0C91BC942}") = "libutils_demo", "libutils_demo\libuilts_demo.vcxproj", "{26557153-66DE-4025-9ACB-769CD90ADF1C}"
	ProjectSection(ProjectDependencies) = postProject
		{4491953A-DD9B-4932-9319-A8C3456D8940} = {4491953A-DD9B-4932-9319-A8C3456D8940}
	EndProjectSection
EndProject
Project("{8BC9CEB8-8B4A-11D0-8D11-00A0C91BC942}") = "libcamera_demo", "libcamera_demo\libcamera_demo.vcxproj", "{F6C4C325-8432-4E87-A302-AAA57C1D8D92}"
	ProjectSection(ProjectDependencies) = postProject
		{1570CC15-B45E-4770-8A4B-E09F1D613BC4} = {1570CC15-B45E-4770-8A4B-E09F1D613BC4}
		{4491953A-DD9B-4932-9319-A8C3456D8940} = {4491953A-DD9B-4932-9319-A8C3456D8940}
	EndProjectSection
EndProject
Project("{8BC9CEB8-8B4A-11D0-8D11-00A0C91BC942}") = "libstrmbase", "libstrmbase\libstrmbase.vcxproj", "{1570CC15-B45E-4770-8A4B-E09F1D613BC4}"
EndProject
Project("{8BC9CEB8-8B4A-11D0-8D11-00A0C91BC942}") = "libjpeg_demo", "libjpeg_demo\libjpeg_demo.vcxproj", "{72BA3AF1-584C-4897-8051-08403E6A02AF}"
	ProjectSection(ProjectDependencies) = postProject
		{4491953A-DD9B-4932-9319-A8C3456D8940} = {4491953A-DD9B-4932-9319-A8C3456D8940}
	EndProjectSection
EndProject
Project("{8BC9CEB8-8B4A-11D0-8D11-00A0C91BC942}") = "libdui_flash", "libdui_flash\libdui_flash.vcxproj", "{45891041-3127-4A97-8C7E-B345C0F68098}"
	ProjectSection(ProjectDependencies) = postProject
		{4491953A-DD9B-4932-9319-A8C3456D8940} = {4491953A-DD9B-4932-9319-A8C3456D8940}
		{F9DDEA9A-1325-4CA7-9532-6A09ADB0B0CE} = {F9DDEA9A-1325-4CA7-9532-6A09ADB0B0CE}
	EndProjectSection
EndProject
Project("{8BC9CEB8-8B4A-11D0-8D11-00A0C91BC942}") = "libpng_demo", "libpng_demo\libpng_demo.vcxproj", "{D6F420F1-309F-493E-8327-C5D40F20EE7A}"
EndProject
Project("{8BC9CEB8-8B4A-11D0-8D11-00A0C91BC942}") = "libtouch_demo", "libtouch_demo\libtouch_demo.vcxproj", "{9B08DB8B-68F8-481E-8EF9-21AEE35FB6CF}"
EndProject
Project("{8BC9CEB8-8B4A-11D0-8D11-00A0C91BC942}") = "libaubio", "libaubio\libaubio.vcxproj", "{88E13694-D9FA-447D-A107-11D516185B35}"
EndProject
Project("{8BC9CEB8-8B4A-11D0-8D11-00A0C91BC942}") = "libaubio_demo", "libaubio_demo\libaubio_demo.vcxproj", "{DDACC85D-8E9A-48C9-9276-D53E97B7E821}"
	ProjectSection(ProjectDependencies) = postProject
		{88E13694-D9FA-447D-A107-11D516185B35} = {88E13694-D9FA-447D-A107-11D516185B35}
	EndProjectSection
EndProject
Project("{8BC9CEB8-8B4A-11D0-8D11-00A0C91BC942}") = "libpitchshift", "libpitchshift\libpitchshift.vcxproj", "{4E3CB45D-70B6-456F-AFD7-031FDB3A7DC6}"
EndProject
Global
	GlobalSection(SolutionConfigurationPlatforms) = preSolution
		Debug|Win32 = Debug|Win32
		Release|Win32 = Release|Win32
	EndGlobalSection
	GlobalSection(ProjectConfigurationPlatforms) = postSolution
		{A996CCE1-A63C-4BD1-BF9E-B0DA2E22317C}.Debug|Win32.ActiveCfg = Debug|Win32
		{A996CCE1-A63C-4BD1-BF9E-B0DA2E22317C}.Debug|Win32.Build.0 = Debug|Win32
		{A996CCE1-A63C-4BD1-BF9E-B0DA2E22317C}.Release|Win32.ActiveCfg = Release|Win32
		{A996CCE1-A63C-4BD1-BF9E-B0DA2E22317C}.Release|Win32.Build.0 = Release|Win32
		{A13F9A3D-6B2A-4D43-AEA5-E261C58FF6FB}.Debug|Win32.ActiveCfg = Debug|Win32
		{A13F9A3D-6B2A-4D43-AEA5-E261C58FF6FB}.Debug|Win32.Build.0 = Debug|Win32
		{A13F9A3D-6B2A-4D43-AEA5-E261C58FF6FB}.Release|Win32.ActiveCfg = Release|Win32
		{A13F9A3D-6B2A-4D43-AEA5-E261C58FF6FB}.Release|Win32.Build.0 = Release|Win32
		{B57A7CE7-AEC4-4AAD-82C4-459909D8F653}.Debug|Win32.ActiveCfg = Debug|Win32
		{B57A7CE7-AEC4-4AAD-82C4-459909D8F653}.Debug|Win32.Build.0 = Debug|Win32
		{B57A7CE7-AEC4-4AAD-82C4-459909D8F653}.Release|Win32.ActiveCfg = Release|Win32
		{B57A7CE7-AEC4-4AAD-82C4-459909D8F653}.Release|Win32.Build.0 = Release|Win32
		{650CDF21-D05A-4C9B-B3A0-9C8B5E8E3BFC}.Debug|Win32.ActiveCfg = Debug|Win32
		{650CDF21-D05A-4C9B-B3A0-9C8B5E8E3BFC}.Debug|Win32.Build.0 = Debug|Win32
		{650CDF21-D05A-4C9B-B3A0-9C8B5E8E3BFC}.Release|Win32.ActiveCfg = Release|Win32
		{650CDF21-D05A-4C9B-B3A0-9C8B5E8E3BFC}.Release|Win32.Build.0 = Release|Win32
		{6E6753D3-1802-4C91-9DFF-6EB3A0D968C1}.Debug|Win32.ActiveCfg = Debug|Win32
		{6E6753D3-1802-4C91-9DFF-6EB3A0D968C1}.Debug|Win32.Build.0 = Debug|Win32
		{6E6753D3-1802-4C91-9DFF-6EB3A0D968C1}.Release|Win32.ActiveCfg = Release|Win32
		{6E6753D3-1802-4C91-9DFF-6EB3A0D968C1}.Release|Win32.Build.0 = Release|Win32
		{F9DDEA9A-1325-4CA7-9532-6A09ADB0B0CE}.Debug|Win32.ActiveCfg = Debug|Win32
		{F9DDEA9A-1325-4CA7-9532-6A09ADB0B0CE}.Debug|Win32.Build.0 = Debug|Win32
		{F9DDEA9A-1325-4CA7-9532-6A09ADB0B0CE}.Release|Win32.ActiveCfg = Release|Win32
		{F9DDEA9A-1325-4CA7-9532-6A09ADB0B0CE}.Release|Win32.Build.0 = Release|Win32
		{7B0C179F-DD07-4D71-9E92-6841B834D4D6}.Debug|Win32.ActiveCfg = Debug|Win32
		{7B0C179F-DD07-4D71-9E92-6841B834D4D6}.Debug|Win32.Build.0 = Debug|Win32
		{7B0C179F-DD07-4D71-9E92-6841B834D4D6}.Release|Win32.ActiveCfg = Release|Win32
		{7B0C179F-DD07-4D71-9E92-6841B834D4D6}.Release|Win32.Build.0 = Release|Win32
		{4491953A-DD9B-4932-9319-A8C3456D8940}.Debug|Win32.ActiveCfg = Debug|Win32
		{4491953A-DD9B-4932-9319-A8C3456D8940}.Debug|Win32.Build.0 = Debug|Win32
		{4491953A-DD9B-4932-9319-A8C3456D8940}.Release|Win32.ActiveCfg = Release|Win32
		{4491953A-DD9B-4932-9319-A8C3456D8940}.Release|Win32.Build.0 = Release|Win32
		{26557153-66DE-4025-9ACB-769CD90ADF1C}.Debug|Win32.ActiveCfg = Debug|Win32
		{26557153-66DE-4025-9ACB-769CD90ADF1C}.Debug|Win32.Build.0 = Debug|Win32
		{26557153-66DE-4025-9ACB-769CD90ADF1C}.Release|Win32.ActiveCfg = Release|Win32
		{26557153-66DE-4025-9ACB-769CD90ADF1C}.Release|Win32.Build.0 = Release|Win32
		{F6C4C325-8432-4E87-A302-AAA57C1D8D92}.Debug|Win32.ActiveCfg = Debug|Win32
		{F6C4C325-8432-4E87-A302-AAA57C1D8D92}.Debug|Win32.Build.0 = Debug|Win32
		{F6C4C325-8432-4E87-A302-AAA57C1D8D92}.Release|Win32.ActiveCfg = Release|Win32
		{F6C4C325-8432-4E87-A302-AAA57C1D8D92}.Release|Win32.Build.0 = Release|Win32
		{1570CC15-B45E-4770-8A4B-E09F1D613BC4}.Debug|Win32.ActiveCfg = Debug|Win32
		{1570CC15-B45E-4770-8A4B-E09F1D613BC4}.Debug|Win32.Build.0 = Debug|Win32
		{1570CC15-B45E-4770-8A4B-E09F1D613BC4}.Release|Win32.ActiveCfg = Release|Win32
		{1570CC15-B45E-4770-8A4B-E09F1D613BC4}.Release|Win32.Build.0 = Release|Win32
		{72BA3AF1-584C-4897-8051-08403E6A02AF}.Debug|Win32.ActiveCfg = Debug|Win32
		{72BA3AF1-584C-4897-8051-08403E6A02AF}.Debug|Win32.Build.0 = Debug|Win32
		{72BA3AF1-584C-4897-8051-08403E6A02AF}.Release|Win32.ActiveCfg = Release|Win32
		{72BA3AF1-584C-4897-8051-08403E6A02AF}.Release|Win32.Build.0 = Release|Win32
		{45891041-3127-4A97-8C7E-B345C0F68098}.Debug|Win32.ActiveCfg = Debug|Win32
		{45891041-3127-4A97-8C7E-B345C0F68098}.Debug|Win32.Build.0 = Debug|Win32
		{45891041-3127-4A97-8C7E-B345C0F68098}.Release|Win32.ActiveCfg = Release|Win32
		{45891041-3127-4A97-8C7E-B345C0F68098}.Release|Win32.Build.0 = Release|Win32
		{D6F420F1-309F-493E-8327-C5D40F20EE7A}.Debug|Win32.ActiveCfg = Debug|Win32
		{D6F420F1-309F-493E-8327-C5D40F20EE7A}.Debug|Win32.Build.0 = Debug|Win32
		{D6F420F1-309F-493E-8327-C5D40F20EE7A}.Release|Win32.ActiveCfg = Release|Win32
		{D6F420F1-309F-493E-8327-C5D40F20EE7A}.Release|Win32.Build.0 = Release|Win32
		{9B08DB8B-68F8-481E-8EF9-21AEE35FB6CF}.Debug|Win32.ActiveCfg = Debug|Win32
		{9B08DB8B-68F8-481E-8EF9-21AEE35FB6CF}.Debug|Win32.Build.0 = Debug|Win32
		{9B08DB8B-68F8-481E-8EF9-21AEE35FB6CF}.Release|Win32.ActiveCfg = Release|Win32
		{9B08DB8B-68F8-481E-8EF9-21AEE35FB6CF}.Release|Win32.Build.0 = Release|Win32
		{88E13694-D9FA-447D-A107-11D516185B35}.Debug|Win32.ActiveCfg = Debug|Win32
		{88E13694-D9FA-447D-A107-11D516185B35}.Debug|Win32.Build.0 = Debug|Win32
		{88E13694-D9FA-447D-A107-11D516185B35}.Release|Win32.ActiveCfg = Release|Win32
		{88E13694-D9FA-447D-A107-11D516185B35}.Release|Win32.Build.0 = Release|Win32
		{DDACC85D-8E9A-48C9-9276-D53E97B7E821}.Debug|Win32.ActiveCfg = Debug|Win32
		{DDACC85D-8E9A-48C9-9276-D53E97B7E821}.Debug|Win32.Build.0 = Debug|Win32
		{DDACC85D-8E9A-48C9-9276-D53E97B7E821}.Release|Win32.ActiveCfg = Release|Win32
		{DDACC85D-8E9A-48C9-9276-D53E97B7E821}.Release|Win32.Build.0 = Release|Win32
		{4E3CB45D-70B6-456F-AFD7-031FDB3A7DC6}.Debug|Win32.ActiveCfg = Debug|Win32
		{4E3CB45D-70B6-456F-AFD7-031FDB3A7DC6}.Debug|Win32.Build.0 = Debug|Win32
		{4E3CB45D-70B6-456F-AFD7-031FDB3A7DC6}.Release|Win32.ActiveCfg = Release|Win32
		{4E3CB45D-70B6-456F-AFD7-031FDB3A7DC6}.Release|Win32.Build.0 = Release|Win32
	EndGlobalSection
	GlobalSection(SolutionProperties) = preSolution
		HideSolutionNode = FALSE
	EndGlobalSection
	GlobalSection(NestedProjects) = preSolution
		{A13F9A3D-6B2A-4D43-AEA5-E261C58FF6FB} = {DE6719FD-6A88-474B-8249-4EEA13ACE252}
		{F9DDEA9A-1325-4CA7-9532-6A09ADB0B0CE} = {DE6719FD-6A88-474B-8249-4EEA13ACE252}
		{4491953A-DD9B-4932-9319-A8C3456D8940} = {DE6719FD-6A88-474B-8249-4EEA13ACE252}
		{1570CC15-B45E-4770-8A4B-E09F1D613BC4} = {DE6719FD-6A88-474B-8249-4EEA13ACE252}
		{88E13694-D9FA-447D-A107-11D516185B35} = {DE6719FD-6A88-474B-8249-4EEA13ACE252}
		{4E3CB45D-70B6-456F-AFD7-031FDB3A7DC6} = {DE6719FD-6A88-474B-8249-4EEA13ACE252}
	EndGlobalSection
EndGlobal
